{
  "nodes": {
    "NixVirt": {
      "inputs": {
        "nixpkgs": [
          "nixpkgs"
        ]
      },
      "locked": {
        "lastModified": 1748140003,
        "narHash": "sha256-DNBZmuk1YRM2PmwbHzVdXumRjCUzQkMarg4iI/37rOQ=",
        "owner": "AshleyYakeley",
        "repo": "NixVirt",
        "rev": "5dfe108fd859b122f9a96981cb6bc12297653d6c",
        "type": "github"
      },
      "original": {
        "owner": "AshleyYakeley",
        "ref": "master",
        "repo": "NixVirt",
        "type": "github"
      }
    },
    "home-manager": {
      "inputs": {
        "nixpkgs": [
          "nixpkgs"
        ]
      },
      "locked": {
        "lastModified": 1750304462,
        "narHash": "sha256-Mj5t4yX05/rXnRqJkpoLZTWqgStB88Mr/fegTRqyiWc=",
        "owner": "nix-community",
        "repo": "home-manager",
        "rev": "863842639722dd12ae9e37ca83bcb61a63b36f6c",
        "type": "github"
      },
      "original": {
        "owner": "nix-community",
        "ref": "master",
        "repo": "home-manager",
        "type": "github"
      }
    },
    "nixpkgs": {
      "locked": {
        "lastModified": 1750365781,
        "narHash": "sha256-XE/lFNhz5lsriMm/yjXkvSZz5DfvKJLUjsS6pP8EC50=",
        "rev": "08f22084e6085d19bcfb4be30d1ca76ecb96fe54",
        "revCount": 818804,
        "type": "git",
        "url": "file:///etc/nixos/nixpkgs?submodules=1"
      },
      "original": {
        "type": "git",
        "url": "file:///etc/nixos/nixpkgs?submodules=1"
      }
    },
    "root": {
      "inputs": {
        "NixVirt": "NixVirt",
        "home-manager": "home-manager",
        "nixpkgs": "nixpkgs",
        "secrets": "secrets"
      }
    },
    "secrets": {
      "flake": false,
      "locked": {
        "lastModified": 1749872681,
        "narHash": "sha256-pnYVSJXjwIROJdMGcrUSNjWaMog5Sji4a9i+wqY8ksI=",
        "path": "/home/leroy/nixos/secrets",
        "type": "path"
      },
      "original": {
        "path": "/home/leroy/nixos/secrets",
        "type": "path"
      }
    }
  },
  "root": "root",
  "version": 7
}
